{
  "name": "new_blog",
  "lockfileVersion": 3,
  "requires": true,
  "packages": {
    "": {
      "dependencies": {
        "daisyui": "^5.1.31"
      }
    },
    "node_modules/daisyui": {
      "version": "5.1.31",
      "resolved": "https://registry.npmjs.org/daisyui/-/daisyui-5.1.31.tgz",
      "integrity": "sha512-p1zRMQ/eEfx1gpExFlyI62NksJ+UxyNC3kH4gYSK0JuL3qFXeo9R5lgkrIvos0V4ukaN+vMKMxGz7Gy6xg1hNg==",
      "license": "MIT",
      "funding": {
        "url": "https://github.com/saadeghi/daisyui?sponsor=1"
      }
    }
  }
}
