# THIS IS AN AUTOGENERATED FILE. DO NOT EDIT THIS FILE DIRECTLY.
# yarn lockfile v1


daisyui@^5.1.31:
  version "5.1.31"
  resolved "https://registry.yarnpkg.com/daisyui/-/daisyui-5.1.31.tgz#f98189d9fc8dd95663afa6b15b7c5be9c5c68d87"
  integrity sha512-p1zRMQ/eEfx1gpExFlyI62NksJ+UxyNC3kH4gYSK0JuL3qFXeo9R5lgkrIvos0V4ukaN+vMKMxGz7Gy6xg1hNg==
